// !$*UTF8*$!
{
	archiveVersion = 1;
	classes = {
	};
	objectVersion = 56;
	objects = {

/* Begin PBXBuildFile section */
		32B551692AFC0A6C0004A738 /* ServiceExchangeApp.swift in Sources */ = {isa = PBXBuildFile; fileRef = 32B551682AFC0A6C0004A738 /* ServiceExchangeApp.swift */; };
		32B5516B2AFC0A6C0004A738 /* ContentView.swift in Sources */ = {isa = PBXBuildFile; fileRef = 32B5516A2AFC0A6C0004A738 /* ContentView.swift */; };
		32B5516D2AFC0A6E0004A738 /* Assets.xcassets in Resources */ = {isa = PBXBuildFile; fileRef = 32B5516C2AFC0A6E0004A738 /* Assets.xcassets */; };
		32B551702AFC0A6E0004A738 /* Preview Assets.xcassets in Resources */ = {isa = PBXBuildFile; fileRef = 32B5516F2AFC0A6E0004A738 /* Preview Assets.xcassets */; };
		32B551782AFC16C70004A738 /* HomeView.swift in Sources */ = {isa = PBXBuildFile; fileRef = 32B551772AFC16C70004A738 /* HomeView.swift */; };
		32B5517A2AFC17060004A738 /* GroupView.swift in Sources */ = {isa = PBXBuildFile; fileRef = 32B551792AFC17060004A738 /* GroupView.swift */; };
		32B5517C2AFC17140004A738 /* ExchangeView.swift in Sources */ = {isa = PBXBuildFile; fileRef = 32B5517B2AFC17140004A738 /* ExchangeView.swift */; };
		32B5517E2AFC17220004A738 /* ProfileView.swift in Sources */ = {isa = PBXBuildFile; fileRef = 32B5517D2AFC17220004A738 /* ProfileView.swift */; };
		32B551832AFC192A0004A738 /* models.swift in Sources */ = {isa = PBXBuildFile; fileRef = 32B551822AFC192A0004A738 /* models.swift */; };
		32B551852AFC1BC60004A738 /* LoginView.swift in Sources */ = {isa = PBXBuildFile; fileRef = 32B551842AFC1BC60004A738 /* LoginView.swift */; };
		32B551872AFC1D010004A738 /* SignUpView.swift in Sources */ = {isa = PBXBuildFile; fileRef = 32B551862AFC1D010004A738 /* SignUpView.swift */; };
/* End PBXBuildFile section */

/* Begin PBXFileReference section */
		32B551652AFC0A6C0004A738 /* ServiceExchange.app */ = {isa = PBXFileReference; explicitFileType = wrapper.application; includeInIndex = 0; path = ServiceExchange.app; sourceTree = BUILT_PRODUCTS_DIR; };
		32B551682AFC0A6C0004A738 /* ServiceExchangeApp.swift */ = {isa = PBXFileReference; lastKnownFileType = sourcecode.swift; path = ServiceExchangeApp.swift; sourceTree = "<group>"; };
		32B5516A2AFC0A6C0004A738 /* ContentView.swift */ = {isa = PBXFileReference; lastKnownFileType = sourcecode.swift; path = ContentView.swift; sourceTree = "<group>"; };
		32B5516C2AFC0A6E0004A738 /* Assets.xcassets */ = {isa = PBXFileReference; lastKnownFileType = folder.assetcatalog; path = Assets.xcassets; sourceTree = "<group>"; };
		32B5516F2AFC0A6E0004A738 /* Preview Assets.xcassets */ = {isa = PBXFileReference; lastKnownFileType = folder.assetcatalog; path = "Preview Assets.xcassets"; sourceTree = "<group>"; };
		32B551772AFC16C70004A738 /* HomeView.swift */ = {isa = PBXFileReference; lastKnownFileType = sourcecode.swift; path = HomeView.swift; sourceTree = "<group>"; };
		32B551792AFC17060004A738 /* GroupView.swift */ = {isa = PBXFileReference; lastKnownFileType = sourcecode.swift; path = GroupView.swift; sourceTree = "<group>"; };
		32B5517B2AFC17140004A738 /* ExchangeView.swift */ = {isa = PBXFileReference; lastKnownFileType = sourcecode.swift; path = ExchangeView.swift; sourceTree = "<group>"; };
		32B5517D2AFC17220004A738 /* ProfileView.swift */ = {isa = PBXFileReference; lastKnownFileType = sourcecode.swift; path = ProfileView.swift; sourceTree = "<group>"; };
		32B551822AFC192A0004A738 /* models.swift */ = {isa = PBXFileReference; lastKnownFileType = sourcecode.swift; path = models.swift; sourceTree = "<group>"; };
		32B551842AFC1BC60004A738 /* LoginView.swift */ = {isa = PBXFileReference; lastKnownFileType = sourcecode.swift; path = LoginView.swift; sourceTree = "<group>"; };
		32B551862AFC1D010004A738 /* SignUpView.swift */ = {isa = PBXFileReference; lastKnownFileType = sourcecode.swift; path = SignUpView.swift; sourceTree = "<group>"; };
/* End PBXFileReference section */

/* Begin PBXFrameworksBuildPhase section */
		32B551622AFC0A6C0004A738 /* Frameworks */ = {
			isa = PBXFrameworksBuildPhase;
			buildActionMask = 2147483647;
			files = (
			);
			runOnlyForDeploymentPostprocessing = 0;
		};
/* End PBXFrameworksBuildPhase section */

/* Begin PBXGroup section */
		32B5515C2AFC0A6C0004A738 = {
			isa = PBXGroup;
			children = (
				32B551672AFC0A6C0004A738 /* ServiceExchange */,
				32B551662AFC0A6C0004A738 /* Products */,
			);
			sourceTree = "<group>";
		};
		32B551662AFC0A6C0004A738 /* Products */ = {
			isa = PBXGroup;
			children = (
				32B551652AFC0A6C0004A738 /* ServiceExchange.app */,
			);
			name = Products;
			sourceTree = "<group>";
		};
		32B551672AFC0A6C0004A738 /* ServiceExchange */ = {
			isa = PBXGroup;
			children = (
				32B5517F2AFC18830004A738 /* Models */,
				32B551762AFC16AA0004A738 /* Views */,
				32B551682AFC0A6C0004A738 /* ServiceExchangeApp.swift */,
				32B5516A2AFC0A6C0004A738 /* ContentView.swift */,
				32B5516C2AFC0A6E0004A738 /* Assets.xcassets */,
				32B5516E2AFC0A6E0004A738 /* Preview Content */,
			);
			path = ServiceExchange;
			sourceTree = "<group>";
		};
		32B5516E2AFC0A6E0004A738 /* Preview Content */ = {
			isa = PBXGroup;
			children = (
				32B5516F2AFC0A6E0004A738 /* Preview Assets.xcassets */,
			);
			path = "Preview Content";
			sourceTree = "<group>";
		};
		32B551762AFC16AA0004A738 /* Views */ = {
			isa = PBXGroup;
			children = (
				32B551772AFC16C70004A738 /* HomeView.swift */,
				32B551792AFC17060004A738 /* GroupView.swift */,
				32B5517B2AFC17140004A738 /* ExchangeView.swift */,
				32B5517D2AFC17220004A738 /* ProfileView.swift */,
				32B551842AFC1BC60004A738 /* LoginView.swift */,
				32B551862AFC1D010004A738 /* SignUpView.swift */,
			);
			path = Views;
			sourceTree = "<group>";
		};
		32B5517F2AFC18830004A738 /* Models */ = {
			isa = PBXGroup;
			children = (
				32B551822AFC192A0004A738 /* models.swift */,
			);
			path = Models;
			sourceTree = "<group>";
		};
/* End PBXGroup section */

/* Begin PBXNativeTarget section */
		32B551642AFC0A6C0004A738 /* ServiceExchange */ = {
			isa = PBXNativeTarget;
			buildConfigurationList = 32B551732AFC0A6E0004A738 /* Build configuration list for PBXNativeTarget "ServiceExchange" */;
			buildPhases = (
				32B551612AFC0A6C0004A738 /* Sources */,
				32B551622AFC0A6C0004A738 /* Frameworks */,
				32B551632AFC0A6C0004A738 /* Resources */,
			);
			buildRules = (
			);
			dependencies = (
			);
			name = ServiceExchange;
			productName = ServiceExchange;
			productReference = 32B551652AFC0A6C0004A738 /* ServiceExchange.app */;
			productType = "com.apple.product-type.application";
		};
/* End PBXNativeTarget section */

/* Begin PBXProject section */
		32B5515D2AFC0A6C0004A738 /* Project object */ = {
			isa = PBXProject;
			attributes = {
				BuildIndependentTargetsInParallel = 1;
				LastSwiftUpdateCheck = 1430;
				LastUpgradeCheck = 1430;
				TargetAttributes = {
					32B551642AFC0A6C0004A738 = {
						CreatedOnToolsVersion = 14.3.1;
					};
				};
			};
			buildConfigurationList = 32B551602AFC0A6C0004A738 /* Build configuration list for PBXProject "ServiceExchange" */;
			compatibilityVersion = "Xcode 14.0";
			developmentRegion = en;
			hasScannedForEncodings = 0;
			knownRegions = (
				en,
				Base,
			);
			mainGroup = 32B5515C2AFC0A6C0004A738;
			productRefGroup = 32B551662AFC0A6C0004A738 /* Products */;
			projectDirPath = "";
			projectRoot = "";
			targets = (
				32B551642AFC0A6C0004A738 /* ServiceExchange */,
			);
		};
/* End PBXProject section */

/* Begin PBXResourcesBuildPhase section */
		32B551632AFC0A6C0004A738 /* Resources */ = {
			isa = PBXResourcesBuildPhase;
			buildActionMask = 2147483647;
			files = (
				32B551702AFC0A6E0004A738 /* Preview Assets.xcassets in Resources */,
				32B5516D2AFC0A6E0004A738 /* Assets.xcassets in Resources */,
			);
			runOnlyForDeploymentPostprocessing = 0;
		};
/* End PBXResourcesBuildPhase section */

/* Begin PBXSourcesBuildPhase section */
		32B551612AFC0A6C0004A738 /* Sources */ = {
			isa = PBXSourcesBuildPhase;
			buildActionMask = 2147483647;
			files = (
				32B551832AFC192A0004A738 /* models.swift in Sources */,
				32B551782AFC16C70004A738 /* HomeView.swift in Sources */,
				32B5516B2AFC0A6C0004A738 /* ContentView.swift in Sources */,
				32B5517A2AFC17060004A738 /* GroupView.swift in Sources */,
				32B5517C2AFC17140004A738 /* ExchangeView.swift in Sources */,
				32B5517E2AFC17220004A738 /* ProfileView.swift in Sources */,
				32B551852AFC1BC60004A738 /* LoginView.swift in Sources */,
				32B551872AFC1D010004A738 /* SignUpView.swift in Sources */,
				32B551692AFC0A6C0004A738 /* ServiceExchangeApp.swift in Sources */,
			);
			runOnlyForDeploymentPostprocessing = 0;
		};
/* End PBXSourcesBuildPhase section */

/* Begin XCBuildConfiguration section */
		32B551712AFC0A6E0004A738 /* Debug */ = {
			isa = XCBuildConfiguration;
			buildSettings = {
				ALWAYS_SEARCH_USER_PATHS = NO;
				CLANG_ANALYZER_NONNULL = YES;
				CLANG_ANALYZER_NUMBER_OBJECT_CONVERSION = YES_AGGRESSIVE;
				CLANG_CXX_LANGUAGE_STANDARD = "gnu++20";
				CLANG_ENABLE_MODULES = YES;
				CLANG_ENABLE_OBJC_ARC = YES;
				CLANG_ENABLE_OBJC_WEAK = YES;
				CLANG_WARN_BLOCK_CAPTURE_AUTORELEASING = YES;
				CLANG_WARN_BOOL_CONVERSION = YES;
				CLANG_WARN_COMMA = YES;
				CLANG_WARN_CONSTANT_CONVERSION = YES;
				CLANG_WARN_DEPRECATED_OBJC_IMPLEMENTATIONS = YES;
				CLANG_WARN_DIRECT_OBJC_ISA_USAGE = YES_ERROR;
				CLANG_WARN_DOCUMENTATION_COMMENTS = YES;
				CLANG_WARN_EMPTY_BODY = YES;
				CLANG_WARN_ENUM_CONVERSION = YES;
				CLANG_WARN_INFINITE_RECURSION = YES;
				CLANG_WARN_INT_CONVERSION = YES;
				CLANG_WARN_NON_LITERAL_NULL_CONVERSION = YES;
				CLANG_WARN_OBJC_IMPLICIT_RETAIN_SELF = YES;
				CLANG_WARN_OBJC_LITERAL_CONVERSION = YES;
				CLANG_WARN_OBJC_ROOT_CLASS = YES_ERROR;
				CLANG_WARN_QUOTED_INCLUDE_IN_FRAMEWORK_HEADER = YES;
				CLANG_WARN_RANGE_LOOP_ANALYSIS = YES;
				CLANG_WARN_STRICT_PROTOTYPES = YES;
				CLANG_WARN_SUSPICIOUS_MOVE = YES;
				CLANG_WARN_UNGUARDED_AVAILABILITY = YES_AGGRESSIVE;
				CLANG_WARN_UNREACHABLE_CODE = YES;
				CLANG_WARN__DUPLICATE_METHOD_MATCH = YES;
				COPY_PHASE_STRIP = NO;
				DEBUG_INFORMATION_FORMAT = dwarf;
				ENABLE_STRICT_OBJC_MSGSEND = YES;
				ENABLE_TESTABILITY = YES;
				GCC_C_LANGUAGE_STANDARD = gnu11;
				GCC_DYNAMIC_NO_PIC = NO;
				GCC_NO_COMMON_BLOCKS = YES;
				GCC_OPTIMIZATION_LEVEL = 0;
				GCC_PREPROCESSOR_DEFINITIONS = (
					"DEBUG=1",
					"$(inherited)",
				);
				GCC_WARN_64_TO_32_BIT_CONVERSION = YES;
				GCC_WARN_ABOUT_RETURN_TYPE = YES_ERROR;
				GCC_WARN_UNDECLARED_SELECTOR = YES;
				GCC_WARN_UNINITIALIZED_AUTOS = YES_AGGRESSIVE;
				GCC_WARN_UNUSED_FUNCTION = YES;
				GCC_WARN_UNUSED_VARIABLE = YES;
				IPHONEOS_DEPLOYMENT_TARGET = 16.4;
				MTL_ENABLE_DEBUG_INFO = INCLUDE_SOURCE;
				MTL_FAST_MATH = YES;
				ONLY_ACTIVE_ARCH = YES;
				SDKROOT = iphoneos;
				SWIFT_ACTIVE_COMPILATION_CONDITIONS = DEBUG;
				SWIFT_OPTIMIZATION_LEVEL = "-Onone";
			};
			name = Debug;
		};
		32B551722AFC0A6E0004A738 /* Release */ = {
			isa = XCBuildConfiguration;
			buildSettings = {
				ALWAYS_SEARCH_USER_PATHS = NO;
				CLANG_ANALYZER_NONNULL = YES;
				CLANG_ANALYZER_NUMBER_OBJECT_CONVERSION = YES_AGGRESSIVE;
				CLANG_CXX_LANGUAGE_STANDARD = "gnu++20";
				CLANG_ENABLE_MODULES = YES;
				CLANG_ENABLE_OBJC_ARC = YES;
				CLANG_ENABLE_OBJC_WEAK = YES;
				CLANG_WARN_BLOCK_CAPTURE_AUTORELEASING = YES;
				CLANG_WARN_BOOL_CONVERSION = YES;
				CLANG_WARN_COMMA = YES;
				CLANG_WARN_CONSTANT_CONVERSION = YES;
				CLANG_WARN_DEPRECATED_OBJC_IMPLEMENTATIONS = YES;
				CLANG_WARN_DIRECT_OBJC_ISA_USAGE = YES_ERROR;
				CLANG_WARN_DOCUMENTATION_COMMENTS = YES;
				CLANG_WARN_EMPTY_BODY = YES;
				CLANG_WARN_ENUM_CONVERSION = YES;
				CLANG_WARN_INFINITE_RECURSION = YES;
				CLANG_WARN_INT_CONVERSION = YES;
				CLANG_WARN_NON_LITERAL_NULL_CONVERSION = YES;
				CLANG_WARN_OBJC_IMPLICIT_RETAIN_SELF = YES;
				CLANG_WARN_OBJC_LITERAL_CONVERSION = YES;
				CLANG_WARN_OBJC_ROOT_CLASS = YES_ERROR;
				CLANG_WARN_QUOTED_INCLUDE_IN_FRAMEWORK_HEADER = YES;
				CLANG_WARN_RANGE_LOOP_ANALYSIS = YES;
				CLANG_WARN_STRICT_PROTOTYPES = YES;
				CLANG_WARN_SUSPICIOUS_MOVE = YES;
				CLANG_WARN_UNGUARDED_AVAILABILITY = YES_AGGRESSIVE;
				CLANG_WARN_UNREACHABLE_CODE = YES;
				CLANG_WARN__DUPLICATE_METHOD_MATCH = YES;
				COPY_PHASE_STRIP = NO;
				DEBUG_INFORMATION_FORMAT = "dwarf-with-dsym";
				ENABLE_NS_ASSERTIONS = NO;
				ENABLE_STRICT_OBJC_MSGSEND = YES;
				GCC_C_LANGUAGE_STANDARD = gnu11;
				GCC_NO_COMMON_BLOCKS = YES;
				GCC_WARN_64_TO_32_BIT_CONVERSION = YES;
				GCC_WARN_ABOUT_RETURN_TYPE = YES_ERROR;
				GCC_WARN_UNDECLARED_SELECTOR = YES;
				GCC_WARN_UNINITIALIZED_AUTOS = YES_AGGRESSIVE;
				GCC_WARN_UNUSED_FUNCTION = YES;
				GCC_WARN_UNUSED_VARIABLE = YES;
				IPHONEOS_DEPLOYMENT_TARGET = 16.4;
				MTL_ENABLE_DEBUG_INFO = NO;
				MTL_FAST_MATH = YES;
				SDKROOT = iphoneos;
				SWIFT_COMPILATION_MODE = wholemodule;
				SWIFT_OPTIMIZATION_LEVEL = "-O";
				VALIDATE_PRODUCT = YES;
			};
			name = Release;
		};
		32B551742AFC0A6E0004A738 /* Debug */ = {
			isa = XCBuildConfiguration;
			buildSettings = {
				ASSETCATALOG_COMPILER_APPICON_NAME = AppIcon;
				ASSETCATALOG_COMPILER_GLOBAL_ACCENT_COLOR_NAME = AccentColor;
				CODE_SIGN_STYLE = Automatic;
				CURRENT_PROJECT_VERSION = 1;
				DEVELOPMENT_ASSET_PATHS = "\"ServiceExchange/Preview Content\"";
				ENABLE_PREVIEWS = YES;
				GENERATE_INFOPLIST_FILE = YES;
				INFOPLIST_KEY_UIApplicationSceneManifest_Generation = YES;
				INFOPLIST_KEY_UIApplicationSupportsIndirectInputEvents = YES;
				INFOPLIST_KEY_UILaunchScreen_Generation = YES;
				INFOPLIST_KEY_UISupportedInterfaceOrientations_iPad = "UIInterfaceOrientationPortrait UIInterfaceOrientationPortraitUpsideDown UIInterfaceOrientationLandscapeLeft UIInterfaceOrientationLandscapeRight";
				INFOPLIST_KEY_UISupportedInterfaceOrientations_iPhone = "UIInterfaceOrientationPortrait UIInterfaceOrientationLandscapeLeft UIInterfaceOrientationLandscapeRight";
				LD_RUNPATH_SEARCH_PATHS = (
					"$(inherited)",
					"@executable_path/Frameworks",
				);
				MARKETING_VERSION = 1.0;
				PRODUCT_BUNDLE_IDENTIFIER = Team10.ServiceExchange;
				PRODUCT_NAME = "$(TARGET_NAME)";
				SWIFT_EMIT_LOC_STRINGS = YES;
				SWIFT_VERSION = 5.0;
				TARGETED_DEVICE_FAMILY = "1,2";
			};
			name = Debug;
		};
		32B551752AFC0A6E0004A738 /* Release */ = {
			isa = XCBuildConfiguration;
			buildSettings = {
				ASSETCATALOG_COMPILER_APPICON_NAME = AppIcon;
				ASSETCATALOG_COMPILER_GLOBAL_ACCENT_COLOR_NAME = AccentColor;
				CODE_SIGN_STYLE = Automatic;
				CURRENT_PROJECT_VERSION = 1;
				DEVELOPMENT_ASSET_PATHS = "\"ServiceExchange/Preview Content\"";
				ENABLE_PREVIEWS = YES;
				GENERATE_INFOPLIST_FILE = YES;
				INFOPLIST_KEY_UIApplicationSceneManifest_Generation = YES;
				INFOPLIST_KEY_UIApplicationSupportsIndirectInputEvents = YES;
				INFOPLIST_KEY_UILaunchScreen_Generation = YES;
				INFOPLIST_KEY_UISupportedInterfaceOrientations_iPad = "UIInterfaceOrientationPortrait UIInterfaceOrientationPortraitUpsideDown UIInterfaceOrientationLandscapeLeft UIInterfaceOrientationLandscapeRight";
				INFOPLIST_KEY_UISupportedInterfaceOrientations_iPhone = "UIInterfaceOrientationPortrait UIInterfaceOrientationLandscapeLeft UIInterfaceOrientationLandscapeRight";
				LD_RUNPATH_SEARCH_PATHS = (
					"$(inherited)",
					"@executable_path/Frameworks",
				);
				MARKETING_VERSION = 1.0;
				PRODUCT_BUNDLE_IDENTIFIER = Team10.ServiceExchange;
				PRODUCT_NAME = "$(TARGET_NAME)";
				SWIFT_EMIT_LOC_STRINGS = YES;
				SWIFT_VERSION = 5.0;
				TARGETED_DEVICE_FAMILY = "1,2";
			};
			name = Release;
		};
/* End XCBuildConfiguration section */

/* Begin XCConfigurationList section */
		32B551602AFC0A6C0004A738 /* Build configuration list for PBXProject "ServiceExchange" */ = {
			isa = XCConfigurationList;
			buildConfigurations = (
				32B551712AFC0A6E0004A738 /* Debug */,
				32B551722AFC0A6E0004A738 /* Release */,
			);
			defaultConfigurationIsVisible = 0;
			defaultConfigurationName = Release;
		};
		32B551732AFC0A6E0004A738 /* Build configuration list for PBXNativeTarget "ServiceExchange" */ = {
			isa = XCConfigurationList;
			buildConfigurations = (
				32B551742AFC0A6E0004A738 /* Debug */,
				32B551752AFC0A6E0004A738 /* Release */,
			);
			defaultConfigurationIsVisible = 0;
			defaultConfigurationName = Release;
		};
/* End XCConfigurationList section */
	};
	rootObject = 32B5515D2AFC0A6C0004A738 /* Project object */;
}
